
Microsoft Visual Studio Solution File, Format Version 12.00
# Visual Studio Version 17
VisualStudioVersion = 17.4.33122.133
MinimumVisualStudioVersion = 10.0.40219.1
Project("{8BC9CEB8-8B4A-11D0-8D11-00A0C91BC942}") = "labb4_vs", "labb4_vs\labb4_vs.vcxproj", "{E3C63FF7-EED2-4FA2-BE7F-02D55E4EBCD4}"
EndProject
Global
	GlobalSection(SolutionConfigurationPlatforms) = preSolution
		Debug|x64 = Debug|x64
		Debug|x86 = Debug|x86
		Release|x64 = Release|x64
		Release|x86 = Release|x86
	EndGlobalSection
	GlobalSection(ProjectConfigurationPlatforms) = postSolution
		{E3C63FF7-EED2-4FA2-BE7F-02D55E4EBCD4}.Debug|x64.ActiveCfg = Debug|x64
		{E3C63FF7-EED2-4FA2-BE7F-02D55E4EBCD4}.Debug|x64.Build.0 = Debug|x64
		{E3C63FF7-EED2-4FA2-BE7F-02D55E4EBCD4}.Debug|x86.ActiveCfg = Debug|Win32
		{E3C63FF7-EED2-4FA2-BE7F-02D55E4EBCD4}.Debug|x86.Build.0 = Debug|Win32
		{E3C63FF7-EED2-4FA2-BE7F-02D55E4EBCD4}.Release|x64.ActiveCfg = Release|x64
		{E3C63FF7-EED2-4FA2-BE7F-02D55E4EBCD4}.Release|x64.Build.0 = Release|x64
		{E3C63FF7-EED2-4FA2-BE7F-02D55E4EBCD4}.Release|x86.ActiveCfg = Release|Win32
		{E3C63FF7-EED2-4FA2-BE7F-02D55E4EBCD4}.Release|x86.Build.0 = Release|Win32
	EndGlobalSection
	GlobalSection(SolutionProperties) = preSolution
		HideSolutionNode = FALSE
	EndGlobalSection
	GlobalSection(ExtensibilityGlobals) = postSolution
		SolutionGuid = {A64701CC-AC6C-446F-AD6A-1DEFABB2587D}
	EndGlobalSection
EndGlobal
